
Microsoft Visual Studio Solution File, Format Version 12.00
# Visual Studio Version 17
VisualStudioVersion = 17.4.33122.133
MinimumVisualStudioVersion = 10.0.40219.1
Project("{F184B08F-C81C-45F6-A57F-5ABD9991F28F}") = "MCS", "WindowsApplication1\MCS.vbproj", "{DE26BCF6-F0FA-4DE7-BB71-DC15B72FA9D5}"
EndProject
Global
	GlobalSection(SolutionConfigurationPlatforms) = preSolution
		CD_ROM|Any CPU = CD_ROM|Any CPU
		Debug|Any CPU = Debug|Any CPU
		DVD-5|Any CPU = DVD-5|Any CPU
		Release|Any CPU = Release|Any CPU
		SingleImage|Any CPU = SingleImage|Any CPU
	EndGlobalSection
	GlobalSection(ProjectConfigurationPlatforms) = postSolution
		{DE26BCF6-F0FA-4DE7-BB71-DC15B72FA9D5}.CD_ROM|Any CPU.ActiveCfg = Release|Any CPU
		{DE26BCF6-F0FA-4DE7-BB71-DC15B72FA9D5}.CD_ROM|Any CPU.Build.0 = Release|Any CPU
		{DE26BCF6-F0FA-4DE7-BB71-DC15B72FA9D5}.Debug|Any CPU.ActiveCfg = Debug|Any CPU
		{DE26BCF6-F0FA-4DE7-BB71-DC15B72FA9D5}.Debug|Any CPU.Build.0 = Debug|Any CPU
		{DE26BCF6-F0FA-4DE7-BB71-DC15B72FA9D5}.DVD-5|Any CPU.ActiveCfg = Debug|Any CPU
		{DE26BCF6-F0FA-4DE7-BB71-DC15B72FA9D5}.DVD-5|Any CPU.Build.0 = Debug|Any CPU
		{DE26BCF6-F0FA-4DE7-BB71-DC15B72FA9D5}.Release|Any CPU.ActiveCfg = Release|Any CPU
		{DE26BCF6-F0FA-4DE7-BB71-DC15B72FA9D5}.Release|Any CPU.Build.0 = Release|Any CPU
		{DE26BCF6-F0FA-4DE7-BB71-DC15B72FA9D5}.SingleImage|Any CPU.ActiveCfg = Release|Any CPU
		{DE26BCF6-F0FA-4DE7-BB71-DC15B72FA9D5}.SingleImage|Any CPU.Build.0 = Release|Any CPU
	EndGlobalSection
	GlobalSection(SolutionProperties) = preSolution
		HideSolutionNode = FALSE
	EndGlobalSection
	GlobalSection(ExtensibilityGlobals) = postSolution
		SolutionGuid = {0108F71F-0183-4D31-9300-8093871741D1}
	EndGlobalSection
EndGlobal
